# This file is autogenerated, do not edit; changes may be undone by the next 'dep ensure'.


[[projects]]
  digest = "1:a5c4a6666f4df6add20197e7abd3e67c3e1f4569144df77331aaff3dc0133067"
  name = "github.com/aws/aws-sdk-go"
  packages = [
    "aws",
    "aws/awserr",
    "aws/awsutil",
    "aws/client",
    "aws/client/metadata",
    "aws/corehandlers",
    "aws/credentials",
    "aws/credentials/ec2rolecreds",
    "aws/credentials/endpointcreds",
    "aws/credentials/stscreds",
    "aws/defaults",
    "aws/ec2metadata",
    "aws/endpoints",
    "aws/request",
    "aws/session",
    "aws/signer/v4",
    "internal/shareddefaults",
    "private/protocol",
    "private/protocol/json/jsonutil",
    "private/protocol/jsonrpc",
    "private/protocol/query",
    "private/protocol/query/queryutil",
    "private/protocol/rest",
    "private/protocol/xml/xmlutil",
    "service/ssm",
    "service/ssm/ssmiface",
    "service/sts",
  ]
  pruneopts = "UT"
  revision = "58370dfb7321eb567f09391c955860bad0a747da"

[[projects]]
  digest = "1:1b1179a88b2bc7b454811a1c259bf6514cfde6364f5a2d130e84e209cb405879"
  name = "github.com/davecgh/go-spew"
  packages = ["spew"]
  pruneopts = "UT"
  revision = "2df174808ee097f90d259e432cc04442cf60be21"

[[projects]]
  digest = "1:fe8a03a8222d5b913f256972933d26d24ad7c8286692a42943bc01633cc8fce3"
  name = "github.com/go-ini/ini"
  packages = ["."]
  pruneopts = "UT"
  revision = "358ee7663966325963d4e8b2e1fbd570c5195153"
  version = "v1.38.1"

[[projects]]
  digest = "1:870d441fe217b8e689d7949fef6e43efbc787e50f200cb1e70dbca9204a1d6be"
  name = "github.com/inconshreveable/mousetrap"
  packages = ["."]
  pruneopts = "UT"
  revision = "76626ae9c91c4f2a10f34cad8ce83ea42c93bb75"
  version = "v1.0"

[[projects]]
  digest = "1:b87714e57a511d88f307aba7d5b63522da12bed0a050889c81272fc50f71100e"
  name = "github.com/jmespath/go-jmespath"
  packages = ["."]
  pruneopts = "UT"
  revision = "3433f3ea46d9f8019119e7dd41274e112a2359a9"
  version = "0.2.2"

[[projects]]
  digest = "1:8e30dbe48cdc868059aa213a40ce556fb571bbe32de48d4bf64fdde9e32cc245"
  name = "github.com/pkg/errors"
  packages = ["."]
  pruneopts = "UT"
  revision = "ff09b135c25aae272398c51a07235b90a75aa4f0"

[[projects]]
  digest = "1:08413c4235cad94a96c39e1e2f697789733c4a87d1fdf06b412d2cf2ba49826a"
  name = "github.com/pmezard/go-difflib"
  packages = ["difflib"]
  pruneopts = "UT"
  revision = "d8ed2627bdf02c080bf22230dbb337003b7aba2d"

[[projects]]
  digest = "1:aa72c27eaab9bedbbdd34565573bfa8b65b4aba56676276519f10c4d6c3a15bc"
  name = "github.com/spf13/cobra"
  packages = ["."]
  pruneopts = "UT"
  revision = "31694f19adeeaeb0a0e5fe95441b390d757753d2"

[[projects]]
  digest = "1:1b21a2b4058a779f290c7341cd93267492e0ecea6c8b54f64a4a5fd7ff131034"
  name = "github.com/spf13/pflag"
  packages = ["."]
  pruneopts = "UT"
  revision = "e57e3eeb33f795204c1ca35f56c44f83227c6e66"
  version = "v1.0.0"

[[projects]]
  digest = "1:908e8b8049d8e037b785df20b623115033b573d730df73e3f829780754d52773"
  name = "github.com/stretchr/testify"
  packages = ["assert"]
  pruneopts = "UT"
  revision = "9f9027faeb0dad515336ed2f28317f9f8f527ab4"

[solve-meta]
  analyzer-name = "dep"
  analyzer-version = 1
  input-imports = [
    "github.com/aws/aws-sdk-go/aws",
    "github.com/aws/aws-sdk-go/aws/ec2metadata",
    "github.com/aws/aws-sdk-go/aws/session",
    "github.com/aws/aws-sdk-go/service/ssm",
    "github.com/aws/aws-sdk-go/service/ssm/ssmiface",
    "github.com/pkg/errors",
    "github.com/spf13/cobra",
    "github.com/stretchr/testify/assert",
  ]
  solver-name = "gps-cdcl"
  solver-version = 1
